
Microsoft Visual Studio Solution File, Format Version 12.00
# Visual Studio Version 17
VisualStudioVersion = 17.7.34003.232
MinimumVisualStudioVersion = 10.0.40219.1
Project("{FAE04EC0-301F-11D3-BF4B-00C04F79EFBC}") = "Expections_Thompson_Lillian", "Expections_Thompson_Lillian.csproj", "{906E97AC-1375-4656-B3A8-2561A61CC95C}"
EndProject
Global
	GlobalSection(SolutionConfigurationPlatforms) = preSolution
		Debug|Any CPU = Debug|Any CPU
		Release|Any CPU = Release|Any CPU
	EndGlobalSection
	GlobalSection(ProjectConfigurationPlatforms) = postSolution
		{906E97AC-1375-4656-B3A8-2561A61CC95C}.Debug|Any CPU.ActiveCfg = Debug|Any CPU
		{906E97AC-1375-4656-B3A8-2561A61CC95C}.Debug|Any CPU.Build.0 = Debug|Any CPU
		{906E97AC-1375-4656-B3A8-2561A61CC95C}.Release|Any CPU.ActiveCfg = Release|Any CPU
		{906E97AC-1375-4656-B3A8-2561A61CC95C}.Release|Any CPU.Build.0 = Release|Any CPU
	EndGlobalSection
	GlobalSection(SolutionProperties) = preSolution
		HideSolutionNode = FALSE
	EndGlobalSection
	GlobalSection(ExtensibilityGlobals) = postSolution
		SolutionGuid = {AE043F0E-77A3-44E7-8DDF-A80814BF19C0}
	EndGlobalSection
EndGlobal
